
Microsoft Visual Studio Solution File, Format Version 12.00
# Visual Studio Version 17
VisualStudioVersion = 17.8.34330.188
MinimumVisualStudioVersion = 10.0.40219.1
Project("{9A19103F-16F7-4668-BE54-9A1E7A4F7556}") = "BelgianCavesRegisterBlazor1.Client", "BelgianCavesRegisterBlazor1\Client\BelgianCavesRegisterBlazor1.Client.csproj", "{719DD8C1-66DF-41CC-8EC4-C4DD6E2976EC}"
EndProject
Global
	GlobalSection(SolutionConfigurationPlatforms) = preSolution
		Debug|Any CPU = Debug|Any CPU
		Release|Any CPU = Release|Any CPU
	EndGlobalSection
	GlobalSection(ProjectConfigurationPlatforms) = postSolution
		{719DD8C1-66DF-41CC-8EC4-C4DD6E2976EC}.Debug|Any CPU.ActiveCfg = Debug|Any CPU
		{719DD8C1-66DF-41CC-8EC4-C4DD6E2976EC}.Debug|Any CPU.Build.0 = Debug|Any CPU
		{719DD8C1-66DF-41CC-8EC4-C4DD6E2976EC}.Release|Any CPU.ActiveCfg = Release|Any CPU
		{719DD8C1-66DF-41CC-8EC4-C4DD6E2976EC}.Release|Any CPU.Build.0 = Release|Any CPU
	EndGlobalSection
	GlobalSection(SolutionProperties) = preSolution
		HideSolutionNode = FALSE
	EndGlobalSection
	GlobalSection(ExtensibilityGlobals) = postSolution
		SolutionGuid = {757D4EAA-8DCA-49A7-A4D6-F3AC13483778}
	EndGlobalSection
EndGlobal
